// !$*UTF8*$!
{
	archiveVersion = 1;
	classes = {
	};
	objectVersion = 46;
	objects = {

/* Begin PBXBuildFile section */
		7E34657319FD9C2700E85D88 /* main.m in Sources */ = {isa = PBXBuildFile; fileRef = 7E34657219FD9C2700E85D88 /* main.m */; };
		7E34657619FD9C2700E85D88 /* AppDelegate.m in Sources */ = {isa = PBXBuildFile; fileRef = 7E34657519FD9C2700E85D88 /* AppDelegate.m */; };
		7E34657919FD9C2700E85D88 /* FirstViewController.m in Sources */ = {isa = PBXBuildFile; fileRef = 7E34657819FD9C2700E85D88 /* FirstViewController.m */; };
		7E34657C19FD9C2700E85D88 /* SecondViewController.m in Sources */ = {isa = PBXBuildFile; fileRef = 7E34657B19FD9C2700E85D88 /* SecondViewController.m */; };
		7E34657F19FD9C2700E85D88 /* Main.storyboard in Resources */ = {isa = PBXBuildFile; fileRef = 7E34657D19FD9C2700E85D88 /* Main.storyboard */; };
		7E34658119FD9C2700E85D88 /* Images.xcassets in Resources */ = {isa = PBXBuildFile; fileRef = 7E34658019FD9C2700E85D88 /* Images.xcassets */; };
		7E34658419FD9C2700E85D88 /* LaunchScreen.xib in Resources */ = {isa = PBXBuildFile; fileRef = 7E34658219FD9C2700E85D88 /* LaunchScreen.xib */; };
		7E34659019FD9C2800E85D88 /* CareerFairTests.m in Sources */ = {isa = PBXBuildFile; fileRef = 7E34658F19FD9C2800E85D88 /* CareerFairTests.m */; };
/* End PBXBuildFile section */

/* Begin PBXContainerItemProxy section */
		7E34658A19FD9C2800E85D88 /* PBXContainerItemProxy */ = {
			isa = PBXContainerItemProxy;
			containerPortal = 7E34656519FD9C2700E85D88 /* Project object */;
			proxyType = 1;
			remoteGlobalIDString = 7E34656C19FD9C2700E85D88;
			remoteInfo = CareerFair;
		};
/* End PBXContainerItemProxy section */

/* Begin PBXFileReference section */
		7E34656D19FD9C2700E85D88 /* CareerFair.app */ = {isa = PBXFileReference; explicitFileType = wrapper.application; includeInIndex = 0; path = CareerFair.app; sourceTree = BUILT_PRODUCTS_DIR; };
		7E34657119FD9C2700E85D88 /* Info.plist */ = {isa = PBXFileReference; lastKnownFileType = text.plist.xml; path = Info.plist; sourceTree = "<group>"; };
		7E34657219FD9C2700E85D88 /* main.m */ = {isa = PBXFileReference; lastKnownFileType = sourcecode.c.objc; path = main.m; sourceTree = "<group>"; };
		7E34657419FD9C2700E85D88 /* AppDelegate.h */ = {isa = PBXFileReference; lastKnownFileType = sourcecode.c.h; path = AppDelegate.h; sourceTree = "<group>"; };
		7E34657519FD9C2700E85D88 /* AppDelegate.m */ = {isa = PBXFileReference; lastKnownFileType = sourcecode.c.objc; path = AppDelegate.m; sourceTree = "<group>"; };
		7E34657719FD9C2700E85D88 /* FirstViewController.h */ = {isa = PBXFileReference; lastKnownFileType = sourcecode.c.h; path = FirstViewController.h; sourceTree = "<group>"; };
		7E34657819FD9C2700E85D88 /* FirstViewController.m */ = {isa = PBXFileReference; lastKnownFileType = sourcecode.c.objc; path = FirstViewController.m; sourceTree = "<group>"; };
		7E34657A19FD9C2700E85D88 /* SecondViewController.h */ = {isa = PBXFileReference; lastKnownFileType = sourcecode.c.h; path = SecondViewController.h; sourceTree = "<group>"; };
		7E34657B19FD9C2700E85D88 /* SecondViewController.m */ = {isa = PBXFileReference; lastKnownFileType = sourcecode.c.objc; path = SecondViewController.m; sourceTree = "<group>"; };
		7E34657E19FD9C2700E85D88 /* Base */ = {isa = PBXFileReference; lastKnownFileType = file.storyboard; name = Base; path = Base.lproj/Main.storyboard; sourceTree = "<group>"; };
		7E34658019FD9C2700E85D88 /* Images.xcassets */ = {isa = PBXFileReference; lastKnownFileType = folder.assetcatalog; path = Images.xcassets; sourceTree = "<group>"; };
		7E34658319FD9C2700E85D88 /* Base */ = {isa = PBXFileReference; lastKnownFileType = file.xib; name = Base; path = Base.lproj/LaunchScreen.xib; sourceTree = "<group>"; };
		7E34658919FD9C2800E85D88 /* CareerFairTests.xctest */ = {isa = PBXFileReference; explicitFileType = wrapper.cfbundle; includeInIndex = 0; path = CareerFairTests.xctest; sourceTree = BUILT_PRODUCTS_DIR; };
		7E34658E19FD9C2800E85D88 /* Info.plist */ = {isa = PBXFileReference; lastKnownFileType = text.plist.xml; path = Info.plist; sourceTree = "<group>"; };
		7E34658F19FD9C2800E85D88 /* CareerFairTests.m */ = {isa = PBXFileReference; lastKnownFileType = sourcecode.c.objc; path = CareerFairTests.m; sourceTree = "<group>"; };
/* End PBXFileReference section */

/* Begin PBXFrameworksBuildPhase section */
		7E34656A19FD9C2700E85D88 /* Frameworks */ = {
			isa = PBXFrameworksBuildPhase;
			buildActionMask = 2147483647;
			files = (
			);
			runOnlyForDeploymentPostprocessing = 0;
		};
		7E34658619FD9C2800E85D88 /* Frameworks */ = {
			isa = PBXFrameworksBuildPhase;
			buildActionMask = 2147483647;
			files = (
			);
			runOnlyForDeploymentPostprocessing = 0;
		};
/* End PBXFrameworksBuildPhase section */

/* Begin PBXGroup section */
		7E34656419FD9C2700E85D88 = {
			isa = PBXGroup;
			children = (
				7E34656F19FD9C2700E85D88 /* CareerFair */,
				7E34658C19FD9C2800E85D88 /* CareerFairTests */,
				7E34656E19FD9C2700E85D88 /* Products */,
			);
			sourceTree = "<group>";
		};
		7E34656E19FD9C2700E85D88 /* Products */ = {
			isa = PBXGroup;
			children = (
				7E34656D19FD9C2700E85D88 /* CareerFair.app */,
				7E34658919FD9C2800E85D88 /* CareerFairTests.xctest */,
			);
			name = Products;
			sourceTree = "<group>";
		};
		7E34656F19FD9C2700E85D88 /* CareerFair */ = {
			isa = PBXGroup;
			children = (
				7E34657419FD9C2700E85D88 /* AppDelegate.h */,
				7E34657519FD9C2700E85D88 /* AppDelegate.m */,
				7E34657719FD9C2700E85D88 /* FirstViewController.h */,
				7E34657819FD9C2700E85D88 /* FirstViewController.m */,
				7E34657A19FD9C2700E85D88 /* SecondViewController.h */,
				7E34657B19FD9C2700E85D88 /* SecondViewController.m */,
				7E34657D19FD9C2700E85D88 /* Main.storyboard */,
				7E34658019FD9C2700E85D88 /* Images.xcassets */,
				7E34658219FD9C2700E85D88 /* LaunchScreen.xib */,
				7E34657019FD9C2700E85D88 /* Supporting Files */,
			);
			path = CareerFair;
			sourceTree = "<group>";
		};
		7E34657019FD9C2700E85D88 /* Supporting Files */ = {
			isa = PBXGroup;
			children = (
				7E34657119FD9C2700E85D88 /* Info.plist */,
				7E34657219FD9C2700E85D88 /* main.m */,
			);
			name = "Supporting Files";
			sourceTree = "<group>";
		};
		7E34658C19FD9C2800E85D88 /* CareerFairTests */ = {
			isa = PBXGroup;
			children = (
				7E34658F19FD9C2800E85D88 /* CareerFairTests.m */,
				7E34658D19FD9C2800E85D88 /* Supporting Files */,
			);
			path = CareerFairTests;
			sourceTree = "<group>";
		};
		7E34658D19FD9C2800E85D88 /* Supporting Files */ = {
			isa = PBXGroup;
			children = (
				7E34658E19FD9C2800E85D88 /* Info.plist */,
			);
			name = "Supporting Files";
			sourceTree = "<group>";
		};
/* End PBXGroup section */

/* Begin PBXNativeTarget section */
		7E34656C19FD9C2700E85D88 /* CareerFair */ = {
			isa = PBXNativeTarget;
			buildConfigurationList = 7E34659319FD9C2800E85D88 /* Build configuration list for PBXNativeTarget "CareerFair" */;
			buildPhases = (
				7E34656919FD9C2700E85D88 /* Sources */,
				7E34656A19FD9C2700E85D88 /* Frameworks */,
				7E34656B19FD9C2700E85D88 /* Resources */,
			);
			buildRules = (
			);
			dependencies = (
			);
			name = CareerFair;
			productName = CareerFair;
			productReference = 7E34656D19FD9C2700E85D88 /* CareerFair.app */;
			productType = "com.apple.product-type.application";
		};
		7E34658819FD9C2800E85D88 /* CareerFairTests */ = {
			isa = PBXNativeTarget;
			buildConfigurationList = 7E34659619FD9C2800E85D88 /* Build configuration list for PBXNativeTarget "CareerFairTests" */;
			buildPhases = (
				7E34658519FD9C2800E85D88 /* Sources */,
				7E34658619FD9C2800E85D88 /* Frameworks */,
				7E34658719FD9C2800E85D88 /* Resources */,
			);
			buildRules = (
			);
			dependencies = (
				7E34658B19FD9C2800E85D88 /* PBXTargetDependency */,
			);
			name = CareerFairTests;
			productName = CareerFairTests;
			productReference = 7E34658919FD9C2800E85D88 /* CareerFairTests.xctest */;
			productType = "com.apple.product-type.bundle.unit-test";
		};
/* End PBXNativeTarget section */

/* Begin PBXProject section */
		7E34656519FD9C2700E85D88 /* Project object */ = {
			isa = PBXProject;
			attributes = {
				LastUpgradeCheck = 0610;
				ORGANIZATIONNAME = "Sam Collard";
				TargetAttributes = {
					7E34656C19FD9C2700E85D88 = {
						CreatedOnToolsVersion = 6.1;
					};
					7E34658819FD9C2800E85D88 = {
						CreatedOnToolsVersion = 6.1;
						TestTargetID = 7E34656C19FD9C2700E85D88;
					};
				};
			};
			buildConfigurationList = 7E34656819FD9C2700E85D88 /* Build configuration list for PBXProject "CareerFair" */;
			compatibilityVersion = "Xcode 3.2";
			developmentRegion = English;
			hasScannedForEncodings = 0;
			knownRegions = (
				en,
				Base,
			);
			mainGroup = 7E34656419FD9C2700E85D88;
			productRefGroup = 7E34656E19FD9C2700E85D88 /* Products */;
			projectDirPath = "";
			projectRoot = "";
			targets = (
				7E34656C19FD9C2700E85D88 /* CareerFair */,
				7E34658819FD9C2800E85D88 /* CareerFairTests */,
			);
		};
/* End PBXProject section */

/* Begin PBXResourcesBuildPhase section */
		7E34656B19FD9C2700E85D88 /* Resources */ = {
			isa = PBXResourcesBuildPhase;
			buildActionMask = 2147483647;
			files = (
				7E34657F19FD9C2700E85D88 /* Main.storyboard in Resources */,
				7E34658419FD9C2700E85D88 /* LaunchScreen.xib in Resources */,
				7E34658119FD9C2700E85D88 /* Images.xcassets in Resources */,
			);
			runOnlyForDeploymentPostprocessing = 0;
		};
		7E34658719FD9C2800E85D88 /* Resources */ = {
			isa = PBXResourcesBuildPhase;
			buildActionMask = 2147483647;
			files = (
			);
			runOnlyForDeploymentPostprocessing = 0;
		};
/* End PBXResourcesBuildPhase section */

/* Begin PBXSourcesBuildPhase section */
		7E34656919FD9C2700E85D88 /* Sources */ = {
			isa = PBXSourcesBuildPhase;
			buildActionMask = 2147483647;
			files = (
				7E34657C19FD9C2700E85D88 /* SecondViewController.m in Sources */,
				7E34657619FD9C2700E85D88 /* AppDelegate.m in Sources */,
				7E34657919FD9C2700E85D88 /* FirstViewController.m in Sources */,
				7E34657319FD9C2700E85D88 /* main.m in Sources */,
			);
			runOnlyForDeploymentPostprocessing = 0;
		};
		7E34658519FD9C2800E85D88 /* Sources */ = {
			isa = PBXSourcesBuildPhase;
			buildActionMask = 2147483647;
			files = (
				7E34659019FD9C2800E85D88 /* CareerFairTests.m in Sources */,
			);
			runOnlyForDeploymentPostprocessing = 0;
		};
/* End PBXSourcesBuildPhase section */

/* Begin PBXTargetDependency section */
		7E34658B19FD9C2800E85D88 /* PBXTargetDependency */ = {
			isa = PBXTargetDependency;
			target = 7E34656C19FD9C2700E85D88 /* CareerFair */;
			targetProxy = 7E34658A19FD9C2800E85D88 /* PBXContainerItemProxy */;
		};
/* End PBXTargetDependency section */

/* Begin PBXVariantGroup section */
		7E34657D19FD9C2700E85D88 /* Main.storyboard */ = {
			isa = PBXVariantGroup;
			children = (
				7E34657E19FD9C2700E85D88 /* Base */,
			);
			name = Main.storyboard;
			sourceTree = "<group>";
		};
		7E34658219FD9C2700E85D88 /* LaunchScreen.xib */ = {
			isa = PBXVariantGroup;
			children = (
				7E34658319FD9C2700E85D88 /* Base */,
			);
			name = LaunchScreen.xib;
			sourceTree = "<group>";
		};
/* End PBXVariantGroup section */

/* Begin XCBuildConfiguration section */
		7E34659119FD9C2800E85D88 /* Debug */ = {
			isa = XCBuildConfiguration;
			buildSettings = {
				ALWAYS_SEARCH_USER_PATHS = NO;
				CLANG_CXX_LANGUAGE_STANDARD = "gnu++0x";
				CLANG_CXX_LIBRARY = "libc++";
				CLANG_ENABLE_MODULES = YES;
				CLANG_ENABLE_OBJC_ARC = YES;
				CLANG_WARN_BOOL_CONVERSION = YES;
				CLANG_WARN_CONSTANT_CONVERSION = YES;
				CLANG_WARN_DIRECT_OBJC_ISA_USAGE = YES_ERROR;
				CLANG_WARN_EMPTY_BODY = YES;
				CLANG_WARN_ENUM_CONVERSION = YES;
				CLANG_WARN_INT_CONVERSION = YES;
				CLANG_WARN_OBJC_ROOT_CLASS = YES_ERROR;
				CLANG_WARN_UNREACHABLE_CODE = YES;
				CLANG_WARN__DUPLICATE_METHOD_MATCH = YES;
				"CODE_SIGN_IDENTITY[sdk=iphoneos*]" = "iPhone Developer";
				COPY_PHASE_STRIP = NO;
				ENABLE_STRICT_OBJC_MSGSEND = YES;
				GCC_C_LANGUAGE_STANDARD = gnu99;
				GCC_DYNAMIC_NO_PIC = NO;
				GCC_OPTIMIZATION_LEVEL = 0;
				GCC_PREPROCESSOR_DEFINITIONS = (
					"DEBUG=1",
					"$(inherited)",
				);
				GCC_SYMBOLS_PRIVATE_EXTERN = NO;
				GCC_WARN_64_TO_32_BIT_CONVERSION = YES;
				GCC_WARN_ABOUT_RETURN_TYPE = YES_ERROR;
				GCC_WARN_UNDECLARED_SELECTOR = YES;
				GCC_WARN_UNINITIALIZED_AUTOS = YES_AGGRESSIVE;
				GCC_WARN_UNUSED_FUNCTION = YES;
				GCC_WARN_UNUSED_VARIABLE = YES;
				IPHONEOS_DEPLOYMENT_TARGET = 8.1;
				MTL_ENABLE_DEBUG_INFO = YES;
				ONLY_ACTIVE_ARCH = YES;
				SDKROOT = iphoneos;
			};
			name = Debug;
		};
		7E34659219FD9C2800E85D88 /* Release */ = {
			isa = XCBuildConfiguration;
			buildSettings = {
				ALWAYS_SEARCH_USER_PATHS = NO;
				CLANG_CXX_LANGUAGE_STANDARD = "gnu++0x";
				CLANG_CXX_LIBRARY = "libc++";
				CLANG_ENABLE_MODULES = YES;
				CLANG_ENABLE_OBJC_ARC = YES;
				CLANG_WARN_BOOL_CONVERSION = YES;
				CLANG_WARN_CONSTANT_CONVERSION = YES;
				CLANG_WARN_DIRECT_OBJC_ISA_USAGE = YES_ERROR;
				CLANG_WARN_EMPTY_BODY = YES;
				CLANG_WARN_ENUM_CONVERSION = YES;
				CLANG_WARN_INT_CONVERSION = YES;
				CLANG_WARN_OBJC_ROOT_CLASS = YES_ERROR;
				CLANG_WARN_UNREACHABLE_CODE = YES;
				CLANG_WARN__DUPLICATE_METHOD_MATCH = YES;
				"CODE_SIGN_IDENTITY[sdk=iphoneos*]" = "iPhone Developer";
				COPY_PHASE_STRIP = YES;
				ENABLE_NS_ASSERTIONS = NO;
				ENABLE_STRICT_OBJC_MSGSEND = YES;
				GCC_C_LANGUAGE_STANDARD = gnu99;
				GCC_WARN_64_TO_32_BIT_CONVERSION = YES;
				GCC_WARN_ABOUT_RETURN_TYPE = YES_ERROR;
				GCC_WARN_UNDECLARED_SELECTOR = YES;
				GCC_WARN_UNINITIALIZED_AUTOS = YES_AGGRESSIVE;
				GCC_WARN_UNUSED_FUNCTION = YES;
				GCC_WARN_UNUSED_VARIABLE = YES;
				IPHONEOS_DEPLOYMENT_TARGET = 8.1;
				MTL_ENABLE_DEBUG_INFO = NO;
				SDKROOT = iphoneos;
				VALIDATE_PRODUCT = YES;
			};
			name = Release;
		};
		7E34659419FD9C2800E85D88 /* Debug */ = {
			isa = XCBuildConfiguration;
			buildSettings = {
				ASSETCATALOG_COMPILER_APPICON_NAME = AppIcon;
				CODE_SIGN_IDENTITY = "iPhone Developer";
				INFOPLIST_FILE = CareerFair/Info.plist;
				LD_RUNPATH_SEARCH_PATHS = "$(inherited) @executable_path/Frameworks";
				PRODUCT_NAME = "$(TARGET_NAME)";
				TARGETED_DEVICE_FAMILY = 1;
			};
			name = Debug;
		};
		7E34659519FD9C2800E85D88 /* Release */ = {
			isa = XCBuildConfiguration;
			buildSettings = {
				ASSETCATALOG_COMPILER_APPICON_NAME = AppIcon;
				CODE_SIGN_IDENTITY = "iPhone Developer";
				INFOPLIST_FILE = CareerFair/Info.plist;
				LD_RUNPATH_SEARCH_PATHS = "$(inherited) @executable_path/Frameworks";
				PRODUCT_NAME = "$(TARGET_NAME)";
				TARGETED_DEVICE_FAMILY = 1;
			};
			name = Release;
		};
		7E34659719FD9C2800E85D88 /* Debug */ = {
			isa = XCBuildConfiguration;
			buildSettings = {
				BUNDLE_LOADER = "$(TEST_HOST)";
				FRAMEWORK_SEARCH_PATHS = (
					"$(SDKROOT)/Developer/Library/Frameworks",
					"$(inherited)",
				);
				GCC_PREPROCESSOR_DEFINITIONS = (
					"DEBUG=1",
					"$(inherited)",
				);
				INFOPLIST_FILE = CareerFairTests/Info.plist;
				LD_RUNPATH_SEARCH_PATHS = "$(inherited) @executable_path/Frameworks @loader_path/Frameworks";
				PRODUCT_NAME = "$(TARGET_NAME)";
				TEST_HOST = "$(BUILT_PRODUCTS_DIR)/CareerFair.app/CareerFair";
			};
			name = Debug;
		};
		7E34659819FD9C2800E85D88 /* Release */ = {
			isa = XCBuildConfiguration;
			buildSettings = {
				BUNDLE_LOADER = "$(TEST_HOST)";
				FRAMEWORK_SEARCH_PATHS = (
					"$(SDKROOT)/Developer/Library/Frameworks",
					"$(inherited)",
				);
				INFOPLIST_FILE = CareerFairTests/Info.plist;
				LD_RUNPATH_SEARCH_PATHS = "$(inherited) @executable_path/Frameworks @loader_path/Frameworks";
				PRODUCT_NAME = "$(TARGET_NAME)";
				TEST_HOST = "$(BUILT_PRODUCTS_DIR)/CareerFair.app/CareerFair";
			};
			name = Release;
		};
/* End XCBuildConfiguration section */

/* Begin XCConfigurationList section */
		7E34656819FD9C2700E85D88 /* Build configuration list for PBXProject "CareerFair" */ = {
			isa = XCConfigurationList;
			buildConfigurations = (
				7E34659119FD9C2800E85D88 /* Debug */,
				7E34659219FD9C2800E85D88 /* Release */,
			);
			defaultConfigurationIsVisible = 0;
			defaultConfigurationName = Release;
		};
		7E34659319FD9C2800E85D88 /* Build configuration list for PBXNativeTarget "CareerFair" */ = {
			isa = XCConfigurationList;
			buildConfigurations = (
				7E34659419FD9C2800E85D88 /* Debug */,
				7E34659519FD9C2800E85D88 /* Release */,
			);
			defaultConfigurationIsVisible = 0;
			defaultConfigurationName = Release;
		};
		7E34659619FD9C2800E85D88 /* Build configuration list for PBXNativeTarget "CareerFairTests" */ = {
			isa = XCConfigurationList;
			buildConfigurations = (
				7E34659719FD9C2800E85D88 /* Debug */,
				7E34659819FD9C2800E85D88 /* Release */,
			);
			defaultConfigurationIsVisible = 0;
			defaultConfigurationName = Release;
		};
/* End XCConfigurationList section */
	};
	rootObject = 7E34656519FD9C2700E85D88 /* Project object */;
}
